version = 1
revision = 1
requires-python = ">=3.13"

[[package]]
name = "appdirs"
version = "1.4.4"
source = { registry = "https://pypi.org/simple" }
sdist = { url = "https://files.pythonhosted.org/packages/d7/d8/05696357e0311f5b5c316d7b95f46c669dd9c15aaeecbb48c7d0aeb88c40/appdirs-1.4.4.tar.gz", hash = "sha256:7d5d0167b2b1ba821647616af46a749d1c653740dd0d2415100fe26e27afdf41", size = 13470 }
wheels = [
    { url = "https://files.pythonhosted.org/packages/3b/00/2344469e2084fb287c2e0b57b72910309874c3245463acd6cf5e3db69324/appdirs-1.4.4-py2.py3-none-any.whl", hash = "sha256:a841dacd6b99318a741b166adb07e19ee71a274450e68237b4650ca1055ab128", size = 9566 },
]

[[package]]
name = "asn1crypto"
version = "1.5.1"
source = { registry = "https://pypi.org/simple" }
sdist = { url = "https://files.pythonhosted.org/packages/de/cf/d547feed25b5244fcb9392e288ff9fdc3280b10260362fc45d37a798a6ee/asn1crypto-1.5.1.tar.gz", hash = "sha256:13ae38502be632115abf8a24cbe5f4da52e3b5231990aff31123c805306ccb9c", size = 121080 }
wheels = [
    { url = "https://files.pythonhosted.org/packages/c9/7f/09065fd9e27da0eda08b4d6897f1c13535066174cc023af248fc2a8d5e5a/asn1crypto-1.5.1-py2.py3-none-any.whl", hash = "sha256:db4e40728b728508912cbb3d44f19ce188f218e9eba635821bb4b68564f8fd67", size = 105045 },
]

[[package]]
name = "certifi"
version = "2025.1.31"
source = { registry = "https://pypi.org/simple" }
sdist = { url = "https://files.pythonhosted.org/packages/1c/ab/c9f1e32b7b1bf505bf26f0ef697775960db7932abeb7b516de930ba2705f/certifi-2025.1.31.tar.gz", hash = "sha256:3d5da6925056f6f18f119200434a4780a94263f10d1c21d032a6f6b2baa20651", size = 167577 }
wheels = [
    { url = "https://files.pythonhosted.org/packages/38/fc/bce832fd4fd99766c04d1ee0eead6b0ec6486fb100ae5e74c1d91292b982/certifi-2025.1.31-py3-none-any.whl", hash = "sha256:ca78db4565a652026a4db2bcdf68f2fb589ea80d0be70e03929ed730746b84fe", size = 166393 },
]

[[package]]
name = "charset-normalizer"
version = "3.4.1"
source = { registry = "https://pypi.org/simple" }
sdist = { url = "https://files.pythonhosted.org/packages/16/b0/572805e227f01586461c80e0fd25d65a2115599cc9dad142fee4b747c357/charset_normalizer-3.4.1.tar.gz", hash = "sha256:44251f18cd68a75b56585dd00dae26183e102cd5e0f9f1466e6df5da2ed64ea3", size = 123188 }
wheels = [
    { url = "https://files.pythonhosted.org/packages/38/94/ce8e6f63d18049672c76d07d119304e1e2d7c6098f0841b51c666e9f44a0/charset_normalizer-3.4.1-cp313-cp313-macosx_10_13_universal2.whl", hash = "sha256:aabfa34badd18f1da5ec1bc2715cadc8dca465868a4e73a0173466b688f29dda", size = 195698 },
    { url = "https://files.pythonhosted.org/packages/24/2e/dfdd9770664aae179a96561cc6952ff08f9a8cd09a908f259a9dfa063568/charset_normalizer-3.4.1-cp313-cp313-manylinux_2_17_aarch64.manylinux2014_aarch64.whl", hash = "sha256:22e14b5d70560b8dd51ec22863f370d1e595ac3d024cb8ad7d308b4cd95f8313", size = 140162 },
    { url = "https://files.pythonhosted.org/packages/24/4e/f646b9093cff8fc86f2d60af2de4dc17c759de9d554f130b140ea4738ca6/charset_normalizer-3.4.1-cp313-cp313-manylinux_2_17_ppc64le.manylinux2014_ppc64le.whl", hash = "sha256:8436c508b408b82d87dc5f62496973a1805cd46727c34440b0d29d8a2f50a6c9", size = 150263 },
    { url = "https://files.pythonhosted.org/packages/5e/67/2937f8d548c3ef6e2f9aab0f6e21001056f692d43282b165e7c56023e6dd/charset_normalizer-3.4.1-cp313-cp313-manylinux_2_17_s390x.manylinux2014_s390x.whl", hash = "sha256:2d074908e1aecee37a7635990b2c6d504cd4766c7bc9fc86d63f9c09af3fa11b", size = 142966 },
    { url = "https://files.pythonhosted.org/packages/52/ed/b7f4f07de100bdb95c1756d3a4d17b90c1a3c53715c1a476f8738058e0fa/charset_normalizer-3.4.1-cp313-cp313-manylinux_2_17_x86_64.manylinux2014_x86_64.whl", hash = "sha256:955f8851919303c92343d2f66165294848d57e9bba6cf6e3625485a70a038d11", size = 144992 },
    { url = "https://files.pythonhosted.org/packages/96/2c/d49710a6dbcd3776265f4c923bb73ebe83933dfbaa841c5da850fe0fd20b/charset_normalizer-3.4.1-cp313-cp313-manylinux_2_5_i686.manylinux1_i686.manylinux_2_17_i686.manylinux2014_i686.whl", hash = "sha256:44ecbf16649486d4aebafeaa7ec4c9fed8b88101f4dd612dcaf65d5e815f837f", size = 147162 },
    { url = "https://files.pythonhosted.org/packages/b4/41/35ff1f9a6bd380303dea55e44c4933b4cc3c4850988927d4082ada230273/charset_normalizer-3.4.1-cp313-cp313-musllinux_1_2_aarch64.whl", hash = "sha256:0924e81d3d5e70f8126529951dac65c1010cdf117bb75eb02dd12339b57749dd", size = 140972 },
    { url = "https://files.pythonhosted.org/packages/fb/43/c6a0b685fe6910d08ba971f62cd9c3e862a85770395ba5d9cad4fede33ab/charset_normalizer-3.4.1-cp313-cp313-musllinux_1_2_i686.whl", hash = "sha256:2967f74ad52c3b98de4c3b32e1a44e32975e008a9cd2a8cc8966d6a5218c5cb2", size = 149095 },
    { url = "https://files.pythonhosted.org/packages/4c/ff/a9a504662452e2d2878512115638966e75633519ec11f25fca3d2049a94a/charset_normalizer-3.4.1-cp313-cp313-musllinux_1_2_ppc64le.whl", hash = "sha256:c75cb2a3e389853835e84a2d8fb2b81a10645b503eca9bcb98df6b5a43eb8886", size = 152668 },
    { url = "https://files.pythonhosted.org/packages/6c/71/189996b6d9a4b932564701628af5cee6716733e9165af1d5e1b285c530ed/charset_normalizer-3.4.1-cp313-cp313-musllinux_1_2_s390x.whl", hash = "sha256:09b26ae6b1abf0d27570633b2b078a2a20419c99d66fb2823173d73f188ce601", size = 150073 },
    { url = "https://files.pythonhosted.org/packages/e4/93/946a86ce20790e11312c87c75ba68d5f6ad2208cfb52b2d6a2c32840d922/charset_normalizer-3.4.1-cp313-cp313-musllinux_1_2_x86_64.whl", hash = "sha256:fa88b843d6e211393a37219e6a1c1df99d35e8fd90446f1118f4216e307e48cd", size = 145732 },
    { url = "https://files.pythonhosted.org/packages/cd/e5/131d2fb1b0dddafc37be4f3a2fa79aa4c037368be9423061dccadfd90091/charset_normalizer-3.4.1-cp313-cp313-win32.whl", hash = "sha256:eb8178fe3dba6450a3e024e95ac49ed3400e506fd4e9e5c32d30adda88cbd407", size = 95391 },
    { url = "https://files.pythonhosted.org/packages/27/f2/4f9a69cc7712b9b5ad8fdb87039fd89abba997ad5cbe690d1835d40405b0/charset_normalizer-3.4.1-cp313-cp313-win_amd64.whl", hash = "sha256:b1ac5992a838106edb89654e0aebfc24f5848ae2547d22c2c3f66454daa11971", size = 102702 },
    { url = "https://files.pythonhosted.org/packages/0e/f6/65ecc6878a89bb1c23a086ea335ad4bf21a588990c3f535a227b9eea9108/charset_normalizer-3.4.1-py3-none-any.whl", hash = "sha256:d98b1668f06378c6dbefec3b92299716b931cd4e6061f3c875a71ced1780ab85", size = 49767 },
]

[[package]]
name = "click"
version = "8.1.8"
source = { registry = "https://pypi.org/simple" }
dependencies = [
    { name = "colorama", marker = "sys_platform == 'win32'" },
]
sdist = { url = "https://files.pythonhosted.org/packages/b9/2e/0090cbf739cee7d23781ad4b89a9894a41538e4fcf4c31dcdd705b78eb8b/click-8.1.8.tar.gz", hash = "sha256:ed53c9d8990d83c2a27deae68e4ee337473f6330c040a31d4225c9574d16096a", size = 226593 }
wheels = [
    { url = "https://files.pythonhosted.org/packages/7e/d4/7ebdbd03970677812aac39c869717059dbb71a4cfc033ca6e5221787892c/click-8.1.8-py3-none-any.whl", hash = "sha256:63c132bbbed01578a06712a2d1f497bb62d9c1c0d329b7903a866228027263b2", size = 98188 },
]

[[package]]
name = "click-shell"
version = "2.1"
source = { registry = "https://pypi.org/simple" }
dependencies = [
    { name = "click" },
]
sdist = { url = "https://files.pythonhosted.org/packages/9e/26/93dd93fb1714f64376989b9e809982fd64d5f26e666b6d55458066c40b53/click-shell-2.1.tar.gz", hash = "sha256:ce0c91faae284c41a39bec966f928791ad4a45763755445f1fe2041fd091aa37", size = 8421 }
wheels = [
    { url = "https://files.pythonhosted.org/packages/21/ce/d81dcb726c436bf3f77d0145e03bf364c189cc95e6551e797bc0511dcea0/click_shell-2.1-py2.py3-none-any.whl", hash = "sha256:2d971a2e50eb7ad387cf0ce79ba4b844e66e0580784e2efe2df58b50a2f047f0", size = 8582 },
]

[[package]]
name = "colorama"
version = "0.4.6"
source = { registry = "https://pypi.org/simple" }
sdist = { url = "https://files.pythonhosted.org/packages/d8/53/6f443c9a4a8358a93a6792e2acffb9d9d5cb0a5cfd8802644b7b1c9a02e4/colorama-0.4.6.tar.gz", hash = "sha256:08695f5cb7ed6e0531a20572697297273c47b8cae5a63ffc6d6ed5c201be6e44", size = 27697 }
wheels = [
    { url = "https://files.pythonhosted.org/packages/d1/d6/3965ed04c63042e047cb6a3e6ed1a63a35087b6a609aa3a15ed8ac56c221/colorama-0.4.6-py2.py3-none-any.whl", hash = "sha256:4f1d9991f5acc0ca119f9d443620b77f9d6b33703e51011c16baf57afb285fc6", size = 25335 },
]

[[package]]
name = "diff-match-patch"
version = "20241021"
source = { registry = "https://pypi.org/simple" }
sdist = { url = "https://files.pythonhosted.org/packages/0e/ad/32e1777dd57d8e85fa31e3a243af66c538245b8d64b7265bec9a61f2ca33/diff_match_patch-20241021.tar.gz", hash = "sha256:beae57a99fa48084532935ee2968b8661db861862ec82c6f21f4acdd6d835073", size = 39962 }
wheels = [
    { url = "https://files.pythonhosted.org/packages/f7/bb/2aa9b46a01197398b901e458974c20ed107935c26e44e37ad5b0e5511e44/diff_match_patch-20241021-py3-none-any.whl", hash = "sha256:93cea333fb8b2bc0d181b0de5e16df50dd344ce64828226bda07728818936782", size = 43252 },
]

[[package]]
name = "ecdsa"
version = "0.19.1"
source = { registry = "https://pypi.org/simple" }
dependencies = [
    { name = "six" },
]
sdist = { url = "https://files.pythonhosted.org/packages/c0/1f/924e3caae75f471eae4b26bd13b698f6af2c44279f67af317439c2f4c46a/ecdsa-0.19.1.tar.gz", hash = "sha256:478cba7b62555866fcb3bb3fe985e06decbdb68ef55713c4e5ab98c57d508e61", size = 201793 }
wheels = [
    { url = "https://files.pythonhosted.org/packages/cb/a3/460c57f094a4a165c84a1341c373b0a4f5ec6ac244b998d5021aade89b77/ecdsa-0.19.1-py2.py3-none-any.whl", hash = "sha256:30638e27cf77b7e15c4c4cc1973720149e1033827cfd00661ca5c8cc0cdb24c3", size = 150607 },
]

[[package]]
name = "hive-bench"
version = "0.2.1"
source = { editable = "." }
dependencies = [
    { name = "hive-nectar" },
    { name = "python-dotenv" },
]

[package.dev-dependencies]
dev = [
    { name = "ruff" },
]

[package.metadata]
requires-dist = [
    { name = "hive-nectar", git = "https://github.com/thecrazygm/hive-nectar" },
    { name = "python-dotenv" },
]

[package.metadata.requires-dev]
dev = [{ name = "ruff" }]

[[package]]
name = "hive-nectar"
version = "0.0.6"
source = { git = "https://github.com/thecrazygm/hive-nectar#bdec0614724472d22a1014018355a34e7713876f" }
dependencies = [
    { name = "appdirs" },
    { name = "asn1crypto" },
    { name = "click" },
    { name = "click-shell" },
    { name = "diff-match-patch" },
    { name = "ecdsa" },
    { name = "prettytable" },
    { name = "pycryptodomex" },
    { name = "requests" },
    { name = "ruamel-yaml" },
    { name = "scrypt" },
    { name = "types-requests" },
    { name = "websocket-client" },
]

[[package]]
name = "idna"
version = "3.10"
source = { registry = "https://pypi.org/simple" }
sdist = { url = "https://files.pythonhosted.org/packages/f1/70/7703c29685631f5a7590aa73f1f1d3fa9a380e654b86af429e0934a32f7d/idna-3.10.tar.gz", hash = "sha256:12f65c9b470abda6dc35cf8e63cc574b1c52b11df2c86030af0ac09b01b13ea9", size = 190490 }
wheels = [
    { url = "https://files.pythonhosted.org/packages/76/c6/c88e154df9c4e1a2a66ccf0005a88dfb2650c1dffb6f5ce603dfbd452ce3/idna-3.10-py3-none-any.whl", hash = "sha256:946d195a0d259cbba61165e88e65941f16e9b36ea6ddb97f00452bae8b1287d3", size = 70442 },
]

[[package]]
name = "prettytable"
version = "3.16.0"
source = { registry = "https://pypi.org/simple" }
dependencies = [
    { name = "wcwidth" },
]
sdist = { url = "https://files.pythonhosted.org/packages/99/b1/85e18ac92afd08c533603e3393977b6bc1443043115a47bb094f3b98f94f/prettytable-3.16.0.tar.gz", hash = "sha256:3c64b31719d961bf69c9a7e03d0c1e477320906a98da63952bc6698d6164ff57", size = 66276 }
wheels = [
    { url = "https://files.pythonhosted.org/packages/02/c7/5613524e606ea1688b3bdbf48aa64bafb6d0a4ac3750274c43b6158a390f/prettytable-3.16.0-py3-none-any.whl", hash = "sha256:b5eccfabb82222f5aa46b798ff02a8452cf530a352c31bddfa29be41242863aa", size = 33863 },
]

[[package]]
name = "pycryptodomex"
version = "3.22.0"
source = { registry = "https://pypi.org/simple" }
sdist = { url = "https://files.pythonhosted.org/packages/ba/d5/861a7daada160fcf6b0393fb741eeb0d0910b039ad7f0cd56c39afdd4a20/pycryptodomex-3.22.0.tar.gz", hash = "sha256:a1da61bacc22f93a91cbe690e3eb2022a03ab4123690ab16c46abb693a9df63d", size = 4917584 }
wheels = [
    { url = "https://files.pythonhosted.org/packages/62/c2/8c97e649ccd3886eaf4918bd87791d3b52e80ba5b9c4678e2b631f2f8340/pycryptodomex-3.22.0-cp37-abi3-macosx_10_9_universal2.whl", hash = "sha256:aef4590263b9f2f6283469e998574d0bd45c14fb262241c27055b82727426157", size = 2494197 },
    { url = "https://files.pythonhosted.org/packages/f1/62/e947c35efebf95ba9bfe3fd76d766caa8d66d3f5d440fca05328c18b3352/pycryptodomex-3.22.0-cp37-abi3-macosx_10_9_x86_64.whl", hash = "sha256:5ac608a6dce9418d4f300fab7ba2f7d499a96b462f2b9b5c90d8d994cd36dcad", size = 1638999 },
    { url = "https://files.pythonhosted.org/packages/51/af/f877f8ec1c4185e3ede3bf2beb286e5150099d2b3cba528c98d832372f38/pycryptodomex-3.22.0-cp37-abi3-manylinux_2_17_aarch64.manylinux2014_aarch64.whl", hash = "sha256:7a24f681365ec9757ccd69b85868bbd7216ba451d0f86f6ea0eed75eeb6975db", size = 2181008 },
    { url = "https://files.pythonhosted.org/packages/6f/72/e7e748c682c889f30a0a7c3072a27a002b50a6cf5912ad1ce1269e327f40/pycryptodomex-3.22.0-cp37-abi3-manylinux_2_17_x86_64.manylinux2014_x86_64.whl", hash = "sha256:259664c4803a1fa260d5afb322972813c5fe30ea8b43e54b03b7e3a27b30856b", size = 2267300 },
    { url = "https://files.pythonhosted.org/packages/a9/ff/c45a97427aefbea07e8e6f2e08b10b4f2b287b99997bd22a4cef913e53a6/pycryptodomex-3.22.0-cp37-abi3-manylinux_2_5_i686.manylinux1_i686.manylinux_2_17_i686.manylinux2014_i686.whl", hash = "sha256:7127d9de3c7ce20339e06bcd4f16f1a1a77f1471bcf04e3b704306dde101b719", size = 2306939 },
    { url = "https://files.pythonhosted.org/packages/80/c7/cfbdd748a45b7fe8769a5494f130b092e9392e780ad204b5bc39c1a3a521/pycryptodomex-3.22.0-cp37-abi3-musllinux_1_2_aarch64.whl", hash = "sha256:ee75067b35c93cc18b38af47b7c0664998d8815174cfc66dd00ea1e244eb27e6", size = 2180286 },
    { url = "https://files.pythonhosted.org/packages/91/db/26f5d2af7cf809acfe1d1d7182a81fc0d0c13c26dd995b22c5b41be28bf9/pycryptodomex-3.22.0-cp37-abi3-musllinux_1_2_i686.whl", hash = "sha256:1a8b0c5ba061ace4bcd03496d42702c3927003db805b8ec619ea6506080b381d", size = 2340887 },
    { url = "https://files.pythonhosted.org/packages/a1/4c/78307b989d4855f806fff16424f837400e22df3695725f6aa45553e3a13c/pycryptodomex-3.22.0-cp37-abi3-musllinux_1_2_x86_64.whl", hash = "sha256:bfe4fe3233ef3e58028a3ad8f28473653b78c6d56e088ea04fe7550c63d4d16b", size = 2265831 },
    { url = "https://files.pythonhosted.org/packages/fb/ad/cc69805083af164419a4413bc0ebc791e17103327da6979b14d5d3c7e7e5/pycryptodomex-3.22.0-cp37-abi3-win32.whl", hash = "sha256:2cac9ed5c343bb3d0075db6e797e6112514764d08d667c74cb89b931aac9dddd", size = 1766824 },
    { url = "https://files.pythonhosted.org/packages/15/c8/79ab16e5b95a8988caee792236a776beceabcaa2518979d4e21b6ee20f57/pycryptodomex-3.22.0-cp37-abi3-win_amd64.whl", hash = "sha256:ff46212fda7ee86ec2f4a64016c994e8ad80f11ef748131753adb67e9b722ebd", size = 1797989 },
]

[[package]]
name = "python-dotenv"
version = "1.1.0"
source = { registry = "https://pypi.org/simple" }
sdist = { url = "https://files.pythonhosted.org/packages/88/2c/7bb1416c5620485aa793f2de31d3df393d3686aa8a8506d11e10e13c5baf/python_dotenv-1.1.0.tar.gz", hash = "sha256:41f90bc6f5f177fb41f53e87666db362025010eb28f60a01c9143bfa33a2b2d5", size = 39920 }
wheels = [
    { url = "https://files.pythonhosted.org/packages/1e/18/98a99ad95133c6a6e2005fe89faedf294a748bd5dc803008059409ac9b1e/python_dotenv-1.1.0-py3-none-any.whl", hash = "sha256:d7c01d9e2293916c18baf562d95698754b0dbbb5e74d457c45d4f6561fb9d55d", size = 20256 },
]

[[package]]
name = "requests"
version = "2.32.3"
source = { registry = "https://pypi.org/simple" }
dependencies = [
    { name = "certifi" },
    { name = "charset-normalizer" },
    { name = "idna" },
    { name = "urllib3" },
]
sdist = { url = "https://files.pythonhosted.org/packages/63/70/2bf7780ad2d390a8d301ad0b550f1581eadbd9a20f896afe06353c2a2913/requests-2.32.3.tar.gz", hash = "sha256:55365417734eb18255590a9ff9eb97e9e1da868d4ccd6402399eaf68af20a760", size = 131218 }
wheels = [
    { url = "https://files.pythonhosted.org/packages/f9/9b/335f9764261e915ed497fcdeb11df5dfd6f7bf257d4a6a2a686d80da4d54/requests-2.32.3-py3-none-any.whl", hash = "sha256:70761cfe03c773ceb22aa2f671b4757976145175cdfca038c02654d061d6dcc6", size = 64928 },
]

[[package]]
name = "ruamel-yaml"
version = "0.18.10"
source = { registry = "https://pypi.org/simple" }
sdist = { url = "https://files.pythonhosted.org/packages/ea/46/f44d8be06b85bc7c4d8c95d658be2b68f27711f279bf9dd0612a5e4794f5/ruamel.yaml-0.18.10.tar.gz", hash = "sha256:20c86ab29ac2153f80a428e1254a8adf686d3383df04490514ca3b79a362db58", size = 143447 }
wheels = [
    { url = "https://files.pythonhosted.org/packages/c2/36/dfc1ebc0081e6d39924a2cc53654497f967a084a436bb64402dfce4254d9/ruamel.yaml-0.18.10-py3-none-any.whl", hash = "sha256:30f22513ab2301b3d2b577adc121c6471f28734d3d9728581245f1e76468b4f1", size = 117729 },
]

[[package]]
name = "ruff"
version = "0.11.6"
source = { registry = "https://pypi.org/simple" }
sdist = { url = "https://files.pythonhosted.org/packages/d9/11/bcef6784c7e5d200b8a1f5c2ddf53e5da0efec37e6e5a44d163fb97e04ba/ruff-0.11.6.tar.gz", hash = "sha256:bec8bcc3ac228a45ccc811e45f7eb61b950dbf4cf31a67fa89352574b01c7d79", size = 4010053 }
wheels = [
    { url = "https://files.pythonhosted.org/packages/6e/1f/8848b625100ebcc8740c8bac5b5dd8ba97dd4ee210970e98832092c1635b/ruff-0.11.6-py3-none-linux_armv6l.whl", hash = "sha256:d84dcbe74cf9356d1bdb4a78cf74fd47c740bf7bdeb7529068f69b08272239a1", size = 10248105 },
    { url = "https://files.pythonhosted.org/packages/e0/47/c44036e70c6cc11e6ee24399c2a1e1f1e99be5152bd7dff0190e4b325b76/ruff-0.11.6-py3-none-macosx_10_12_x86_64.whl", hash = "sha256:9bc583628e1096148011a5d51ff3c836f51899e61112e03e5f2b1573a9b726de", size = 11001494 },
    { url = "https://files.pythonhosted.org/packages/ed/5b/170444061650202d84d316e8f112de02d092bff71fafe060d3542f5bc5df/ruff-0.11.6-py3-none-macosx_11_0_arm64.whl", hash = "sha256:f2959049faeb5ba5e3b378709e9d1bf0cab06528b306b9dd6ebd2a312127964a", size = 10352151 },
    { url = "https://files.pythonhosted.org/packages/ff/91/f02839fb3787c678e112c8865f2c3e87cfe1744dcc96ff9fc56cfb97dda2/ruff-0.11.6-py3-none-manylinux_2_17_aarch64.manylinux2014_aarch64.whl", hash = "sha256:63c5d4e30d9d0de7fedbfb3e9e20d134b73a30c1e74b596f40f0629d5c28a193", size = 10541951 },
    { url = "https://files.pythonhosted.org/packages/9e/f3/c09933306096ff7a08abede3cc2534d6fcf5529ccd26504c16bf363989b5/ruff-0.11.6-py3-none-manylinux_2_17_armv7l.manylinux2014_armv7l.whl", hash = "sha256:26a4b9a4e1439f7d0a091c6763a100cef8fbdc10d68593df6f3cfa5abdd9246e", size = 10079195 },
    { url = "https://files.pythonhosted.org/packages/e0/0d/a87f8933fccbc0d8c653cfbf44bedda69c9582ba09210a309c066794e2ee/ruff-0.11.6-py3-none-manylinux_2_17_i686.manylinux2014_i686.whl", hash = "sha256:b5edf270223dd622218256569636dc3e708c2cb989242262fe378609eccf1308", size = 11698918 },
    { url = "https://files.pythonhosted.org/packages/52/7d/8eac0bd083ea8a0b55b7e4628428203441ca68cd55e0b67c135a4bc6e309/ruff-0.11.6-py3-none-manylinux_2_17_ppc64.manylinux2014_ppc64.whl", hash = "sha256:f55844e818206a9dd31ff27f91385afb538067e2dc0beb05f82c293ab84f7d55", size = 12319426 },
    { url = "https://files.pythonhosted.org/packages/c2/dc/d0c17d875662d0c86fadcf4ca014ab2001f867621b793d5d7eef01b9dcce/ruff-0.11.6-py3-none-manylinux_2_17_ppc64le.manylinux2014_ppc64le.whl", hash = "sha256:1d8f782286c5ff562e4e00344f954b9320026d8e3fae2ba9e6948443fafd9ffc", size = 11791012 },
    { url = "https://files.pythonhosted.org/packages/f9/f3/81a1aea17f1065449a72509fc7ccc3659cf93148b136ff2a8291c4bc3ef1/ruff-0.11.6-py3-none-manylinux_2_17_s390x.manylinux2014_s390x.whl", hash = "sha256:01c63ba219514271cee955cd0adc26a4083df1956d57847978383b0e50ffd7d2", size = 13949947 },
    { url = "https://files.pythonhosted.org/packages/61/9f/a3e34de425a668284e7024ee6fd41f452f6fa9d817f1f3495b46e5e3a407/ruff-0.11.6-py3-none-manylinux_2_17_x86_64.manylinux2014_x86_64.whl", hash = "sha256:15adac20ef2ca296dd3d8e2bedc6202ea6de81c091a74661c3666e5c4c223ff6", size = 11471753 },
    { url = "https://files.pythonhosted.org/packages/df/c5/4a57a86d12542c0f6e2744f262257b2aa5a3783098ec14e40f3e4b3a354a/ruff-0.11.6-py3-none-musllinux_1_2_aarch64.whl", hash = "sha256:4dd6b09e98144ad7aec026f5588e493c65057d1b387dd937d7787baa531d9bc2", size = 10417121 },
    { url = "https://files.pythonhosted.org/packages/58/3f/a3b4346dff07ef5b862e2ba06d98fcbf71f66f04cf01d375e871382b5e4b/ruff-0.11.6-py3-none-musllinux_1_2_armv7l.whl", hash = "sha256:45b2e1d6c0eed89c248d024ea95074d0e09988d8e7b1dad8d3ab9a67017a5b03", size = 10073829 },
    { url = "https://files.pythonhosted.org/packages/93/cc/7ed02e0b86a649216b845b3ac66ed55d8aa86f5898c5f1691797f408fcb9/ruff-0.11.6-py3-none-musllinux_1_2_i686.whl", hash = "sha256:bd40de4115b2ec4850302f1a1d8067f42e70b4990b68838ccb9ccd9f110c5e8b", size = 11076108 },
    { url = "https://files.pythonhosted.org/packages/39/5e/5b09840fef0eff1a6fa1dea6296c07d09c17cb6fb94ed5593aa591b50460/ruff-0.11.6-py3-none-musllinux_1_2_x86_64.whl", hash = "sha256:77cda2dfbac1ab73aef5e514c4cbfc4ec1fbef4b84a44c736cc26f61b3814cd9", size = 11512366 },
    { url = "https://files.pythonhosted.org/packages/6f/4c/1cd5a84a412d3626335ae69f5f9de2bb554eea0faf46deb1f0cb48534042/ruff-0.11.6-py3-none-win32.whl", hash = "sha256:5151a871554be3036cd6e51d0ec6eef56334d74dfe1702de717a995ee3d5b287", size = 10485900 },
    { url = "https://files.pythonhosted.org/packages/42/46/8997872bc44d43df986491c18d4418f1caff03bc47b7f381261d62c23442/ruff-0.11.6-py3-none-win_amd64.whl", hash = "sha256:cce85721d09c51f3b782c331b0abd07e9d7d5f775840379c640606d3159cae0e", size = 11558592 },
    { url = "https://files.pythonhosted.org/packages/d7/6a/65fecd51a9ca19e1477c3879a7fda24f8904174d1275b419422ac00f6eee/ruff-0.11.6-py3-none-win_arm64.whl", hash = "sha256:3567ba0d07fb170b1b48d944715e3294b77f5b7679e8ba258199a250383ccb79", size = 10682766 },
]

[[package]]
name = "scrypt"
version = "0.8.27"
source = { registry = "https://pypi.org/simple" }
sdist = { url = "https://files.pythonhosted.org/packages/0f/ad/496eca399cf3ceaa4b2c9b238a7630efcddb5a81eacaba926af805a6fbb3/scrypt-0.8.27.tar.gz", hash = "sha256:a7b637848ed518c1ea2b31a9ecaaa3f49616598d8442de8706cf1f01fbabf0a7", size = 55650 }
wheels = [
    { url = "https://files.pythonhosted.org/packages/3d/62/6df603a6bca56f270971dcd68ac4e588b4aef3c5997d2decfe0be840aaa9/scrypt-0.8.27-cp313-cp313-manylinux_2_17_aarch64.manylinux2014_aarch64.whl", hash = "sha256:1a55405ead36250ab5a49cc3b3037ccce01eb345a524f66962530ea2e2cf9c54", size = 960009 },
    { url = "https://files.pythonhosted.org/packages/8b/22/58e4b1b8f929e2ca20f30bfbf287dc11d6355939799478f5aa5d1f086dab/scrypt-0.8.27-cp313-cp313-manylinux_2_17_i686.manylinux2014_i686.whl", hash = "sha256:9d0f2ca6117f17cc9f999842a2045877fc938d1819be416504358f83e9c88ab1", size = 945331 },
    { url = "https://files.pythonhosted.org/packages/e3/ba/7cb4d1988b7f575760705817b2f130e8f5361952c441713a0cf98d3e5420/scrypt-0.8.27-cp313-cp313-manylinux_2_17_x86_64.manylinux2014_x86_64.whl", hash = "sha256:3a81967724f5d8fb41b9b55fd23e67e6a849bef461af5cb0bc2cdd8476762f48", size = 1194719 },
    { url = "https://files.pythonhosted.org/packages/74/69/87d4d4a50354e4e55df76f1189bebc5289005939cf456573a2d46b3d073d/scrypt-0.8.27-cp313-cp313-musllinux_1_2_i686.whl", hash = "sha256:cc31c3c7d7aa14b95d29b3720d2a0fcf26214f60c00e9e5efe5fed6a782a6b24", size = 1585208 },
    { url = "https://files.pythonhosted.org/packages/45/5b/e0befea422345eb5b15cb75ad756b6529ad03e433eda1c92c8dd1a41938a/scrypt-0.8.27-cp313-cp313-musllinux_1_2_x86_64.whl", hash = "sha256:6fa596f16c7b93af70764ffe19e5686848b03f2eeb91f197fd85608ede1a7ce4", size = 1755996 },
]

[[package]]
name = "six"
version = "1.17.0"
source = { registry = "https://pypi.org/simple" }
sdist = { url = "https://files.pythonhosted.org/packages/94/e7/b2c673351809dca68a0e064b6af791aa332cf192da575fd474ed7d6f16a2/six-1.17.0.tar.gz", hash = "sha256:ff70335d468e7eb6ec65b95b99d3a2836546063f63acc5171de367e834932a81", size = 34031 }
wheels = [
    { url = "https://files.pythonhosted.org/packages/b7/ce/149a00dd41f10bc29e5921b496af8b574d8413afcd5e30dfa0ed46c2cc5e/six-1.17.0-py2.py3-none-any.whl", hash = "sha256:4721f391ed90541fddacab5acf947aa0d3dc7d27b2e1e8eda2be8970586c3274", size = 11050 },
]

[[package]]
name = "types-requests"
version = "2.32.0.20250328"
source = { registry = "https://pypi.org/simple" }
dependencies = [
    { name = "urllib3" },
]
sdist = { url = "https://files.pythonhosted.org/packages/00/7d/eb174f74e3f5634eaacb38031bbe467dfe2e545bc255e5c90096ec46bc46/types_requests-2.32.0.20250328.tar.gz", hash = "sha256:c9e67228ea103bd811c96984fac36ed2ae8da87a36a633964a21f199d60baf32", size = 22995 }
wheels = [
    { url = "https://files.pythonhosted.org/packages/cc/15/3700282a9d4ea3b37044264d3e4d1b1f0095a4ebf860a99914fd544e3be3/types_requests-2.32.0.20250328-py3-none-any.whl", hash = "sha256:72ff80f84b15eb3aa7a8e2625fffb6a93f2ad5a0c20215fc1dcfa61117bcb2a2", size = 20663 },
]

[[package]]
name = "urllib3"
version = "2.4.0"
source = { registry = "https://pypi.org/simple" }
sdist = { url = "https://files.pythonhosted.org/packages/8a/78/16493d9c386d8e60e442a35feac5e00f0913c0f4b7c217c11e8ec2ff53e0/urllib3-2.4.0.tar.gz", hash = "sha256:414bc6535b787febd7567804cc015fee39daab8ad86268f1310a9250697de466", size = 390672 }
wheels = [
    { url = "https://files.pythonhosted.org/packages/6b/11/cc635220681e93a0183390e26485430ca2c7b5f9d33b15c74c2861cb8091/urllib3-2.4.0-py3-none-any.whl", hash = "sha256:4e16665048960a0900c702d4a66415956a584919c03361cac9f1df5c5dd7e813", size = 128680 },
]

[[package]]
name = "wcwidth"
version = "0.2.13"
source = { registry = "https://pypi.org/simple" }
sdist = { url = "https://files.pythonhosted.org/packages/6c/63/53559446a878410fc5a5974feb13d31d78d752eb18aeba59c7fef1af7598/wcwidth-0.2.13.tar.gz", hash = "sha256:72ea0c06399eb286d978fdedb6923a9eb47e1c486ce63e9b4e64fc18303972b5", size = 101301 }
wheels = [
    { url = "https://files.pythonhosted.org/packages/fd/84/fd2ba7aafacbad3c4201d395674fc6348826569da3c0937e75505ead3528/wcwidth-0.2.13-py2.py3-none-any.whl", hash = "sha256:3da69048e4540d84af32131829ff948f1e022c1c6bdb8d6102117aac784f6859", size = 34166 },
]

[[package]]
name = "websocket-client"
version = "1.8.0"
source = { registry = "https://pypi.org/simple" }
sdist = { url = "https://files.pythonhosted.org/packages/e6/30/fba0d96b4b5fbf5948ed3f4681f7da2f9f64512e1d303f94b4cc174c24a5/websocket_client-1.8.0.tar.gz", hash = "sha256:3239df9f44da632f96012472805d40a23281a991027ce11d2f45a6f24ac4c3da", size = 54648 }
wheels = [
    { url = "https://files.pythonhosted.org/packages/5a/84/44687a29792a70e111c5c477230a72c4b957d88d16141199bf9acb7537a3/websocket_client-1.8.0-py3-none-any.whl", hash = "sha256:17b44cc997f5c498e809b22cdf2d9c7a9e71c02c8cc2b6c56e7c2d1239bfa526", size = 58826 },
]
